
Microsoft Visual Studio Solution File, Format Version 12.00
# Visual Studio Version 17
VisualStudioVersion = 17.11.35327.3
MinimumVisualStudioVersion = 10.0.40219.1
Project("{888888A0-9F3D-457C-B088-3A5042F75D52}") = "DjangoPortfolio", "DjangoPortfolio\DjangoPortfolio.pyproj", "{0F1398DD-CECD-492A-AE7F-A0D2A712BBB5}"
EndProject
Global
	GlobalSection(SolutionConfigurationPlatforms) = preSolution
		Debug|Any CPU = Debug|Any CPU
		Release|Any CPU = Release|Any CPU
	EndGlobalSection
	GlobalSection(ProjectConfigurationPlatforms) = postSolution
		{0F1398DD-CECD-492A-AE7F-A0D2A712BBB5}.Debug|Any CPU.ActiveCfg = Debug|Any CPU
		{0F1398DD-CECD-492A-AE7F-A0D2A712BBB5}.Debug|Any CPU.Build.0 = Debug|Any CPU
		{0F1398DD-CECD-492A-AE7F-A0D2A712BBB5}.Release|Any CPU.ActiveCfg = Release|Any CPU
		{0F1398DD-CECD-492A-AE7F-A0D2A712BBB5}.Release|Any CPU.Build.0 = Release|Any CPU
	EndGlobalSection
	GlobalSection(SolutionProperties) = preSolution
		HideSolutionNode = FALSE
	EndGlobalSection
	GlobalSection(ExtensibilityGlobals) = postSolution
		SolutionGuid = {16A7ADE7-D008-4C19-B799-D3F77BAC1481}
	EndGlobalSection
EndGlobal
